Microsoft Visual Studio Solution File, Format Version 12.00
# Visual Studio Version 17
VisualStudioVersion = 17.5.2.0
MinimumVisualStudioVersion = 10.0.40219.1
Project("{2150E333-8FDC-42A3-9474-1A3956D46DE8}") = "EstorePoC", "EstorePoC", "{1CB9C30D-489A-A82D-297D-D6EFFFF8A4F9}"
EndProject
Project("{FAE04EC0-301F-11D3-BF4B-00C04F79EFBC}") = "EStore.Api", "EstorePoC\EStore.Api\EStore.Api.csproj", "{A6F1C572-DD03-811E-8BD1-2FCE946146F9}"
EndProject
Global
	GlobalSection(SolutionConfigurationPlatforms) = preSolution
		Debug|Any CPU = Debug|Any CPU
		Release|Any CPU = Release|Any CPU
	EndGlobalSection
	GlobalSection(ProjectConfigurationPlatforms) = postSolution
		{A6F1C572-DD03-811E-8BD1-2FCE946146F9}.Debug|Any CPU.ActiveCfg = Debug|Any CPU
		{A6F1C572-DD03-811E-8BD1-2FCE946146F9}.Debug|Any CPU.Build.0 = Debug|Any CPU
		{A6F1C572-DD03-811E-8BD1-2FCE946146F9}.Release|Any CPU.ActiveCfg = Release|Any CPU
		{A6F1C572-DD03-811E-8BD1-2FCE946146F9}.Release|Any CPU.Build.0 = Release|Any CPU
	EndGlobalSection
	GlobalSection(SolutionProperties) = preSolution
		HideSolutionNode = FALSE
	EndGlobalSection
	GlobalSection(NestedProjects) = preSolution
		{A6F1C572-DD03-811E-8BD1-2FCE946146F9} = {1CB9C30D-489A-A82D-297D-D6EFFFF8A4F9}
	EndGlobalSection
	GlobalSection(ExtensibilityGlobals) = postSolution
		SolutionGuid = {B66C7E49-03B1-4E75-9395-12DFF25D1034}
	EndGlobalSection
EndGlobal
